
Microsoft Visual Studio Solution File, Format Version 12.00
# Visual Studio 2012
Project("{F184B08F-C81C-45F6-A57F-5ABD9991F28F}") = "Demo Menu 1", "Demo Menu 1\Demo Menu 1.vbproj", "{E5D89837-18C4-49D2-B3E9-C08D0964D973}"
EndProject
Global
	GlobalSection(SolutionConfigurationPlatforms) = preSolution
		Debug|Any CPU = Debug|Any CPU
		Release|Any CPU = Release|Any CPU
	EndGlobalSection
	GlobalSection(ProjectConfigurationPlatforms) = postSolution
		{E5D89837-18C4-49D2-B3E9-C08D0964D973}.Debug|Any CPU.ActiveCfg = Debug|Any CPU
		{E5D89837-18C4-49D2-B3E9-C08D0964D973}.Debug|Any CPU.Build.0 = Debug|Any CPU
		{E5D89837-18C4-49D2-B3E9-C08D0964D973}.Release|Any CPU.ActiveCfg = Release|Any CPU
		{E5D89837-18C4-49D2-B3E9-C08D0964D973}.Release|Any CPU.Build.0 = Release|Any CPU
	EndGlobalSection
	GlobalSection(SolutionProperties) = preSolution
		HideSolutionNode = FALSE
	EndGlobalSection
EndGlobal
